
Microsoft Visual Studio Solution File, Format Version 12.00
# Visual Studio Version 17
VisualStudioVersion = 17.4.33403.182
MinimumVisualStudioVersion = 10.0.40219.1
Project("{9A19103F-16F7-4668-BE54-9A1E7A4F7556}") = "GithubReps.API", "GithubReps.API\GithubReps.API.csproj", "{836B7A4D-E000-4A68-8515-4A7860D760ED}"
EndProject
Project("{FAE04EC0-301F-11D3-BF4B-00C04F79EFBC}") = "GithubReps.Infra", "GithubReps.Infra\GithubReps.Infra.csproj", "{74B05383-96F5-4513-A5E4-DDD15FDD3DAE}"
EndProject
Project("{FAE04EC0-301F-11D3-BF4B-00C04F79EFBC}") = "GithubReps.Domain", "GithubReps.Domain\GithubReps.Domain.csproj", "{3E78D0CC-942C-404A-AB9E-09E1FAC19417}"
EndProject
Project("{FAE04EC0-301F-11D3-BF4B-00C04F79EFBC}") = "GithubReps.Application", "GithubReps.Application\GithubReps.Application.csproj", "{2D5B9E37-1F0B-4103-B086-6E1F3149117F}"
EndProject
Global
	GlobalSection(SolutionConfigurationPlatforms) = preSolution
		Debug|Any CPU = Debug|Any CPU
		Release|Any CPU = Release|Any CPU
	EndGlobalSection
	GlobalSection(ProjectConfigurationPlatforms) = postSolution
		{836B7A4D-E000-4A68-8515-4A7860D760ED}.Debug|Any CPU.ActiveCfg = Debug|Any CPU
		{836B7A4D-E000-4A68-8515-4A7860D760ED}.Debug|Any CPU.Build.0 = Debug|Any CPU
		{836B7A4D-E000-4A68-8515-4A7860D760ED}.Release|Any CPU.ActiveCfg = Release|Any CPU
		{836B7A4D-E000-4A68-8515-4A7860D760ED}.Release|Any CPU.Build.0 = Release|Any CPU
		{74B05383-96F5-4513-A5E4-DDD15FDD3DAE}.Debug|Any CPU.ActiveCfg = Debug|Any CPU
		{74B05383-96F5-4513-A5E4-DDD15FDD3DAE}.Debug|Any CPU.Build.0 = Debug|Any CPU
		{74B05383-96F5-4513-A5E4-DDD15FDD3DAE}.Release|Any CPU.ActiveCfg = Release|Any CPU
		{74B05383-96F5-4513-A5E4-DDD15FDD3DAE}.Release|Any CPU.Build.0 = Release|Any CPU
		{3E78D0CC-942C-404A-AB9E-09E1FAC19417}.Debug|Any CPU.ActiveCfg = Debug|Any CPU
		{3E78D0CC-942C-404A-AB9E-09E1FAC19417}.Debug|Any CPU.Build.0 = Debug|Any CPU
		{3E78D0CC-942C-404A-AB9E-09E1FAC19417}.Release|Any CPU.ActiveCfg = Release|Any CPU
		{3E78D0CC-942C-404A-AB9E-09E1FAC19417}.Release|Any CPU.Build.0 = Release|Any CPU
		{2D5B9E37-1F0B-4103-B086-6E1F3149117F}.Debug|Any CPU.ActiveCfg = Debug|Any CPU
		{2D5B9E37-1F0B-4103-B086-6E1F3149117F}.Debug|Any CPU.Build.0 = Debug|Any CPU
		{2D5B9E37-1F0B-4103-B086-6E1F3149117F}.Release|Any CPU.ActiveCfg = Release|Any CPU
		{2D5B9E37-1F0B-4103-B086-6E1F3149117F}.Release|Any CPU.Build.0 = Release|Any CPU
	EndGlobalSection
	GlobalSection(SolutionProperties) = preSolution
		HideSolutionNode = FALSE
	EndGlobalSection
	GlobalSection(ExtensibilityGlobals) = postSolution
		SolutionGuid = {23B0B0C7-9EA5-4D17-AFCB-E61D0448F47F}
	EndGlobalSection
EndGlobal
